
Microsoft Visual Studio Solution File, Format Version 12.00
# Visual Studio 15
VisualStudioVersion = 15.0.27130.2026
MinimumVisualStudioVersion = 10.0.40219.1
Project("{FAE04EC0-301F-11D3-BF4B-00C04F79EFBC}") = "SharpSocksServerTestApp", "SharpSocksServerTestApp\SharpSocksServerTestApp.csproj", "{86D10A34-C374-4DE4-8E12-490E5E65DDFF}"
EndProject
Project("{FAE04EC0-301F-11D3-BF4B-00C04F79EFBC}") = "SharpSocksServer", "SharpSocksServer\SharpSocksServer.csproj", "{2F43992E-5703-4420-AD0B-17CB7D89C956}"
EndProject
Project("{FAE04EC0-301F-11D3-BF4B-00C04F79EFBC}") = "SharpSocksServerCore", "SharpSocksServerCore\SharpSocksServerCore.csproj", "{CA387754-4C5A-4682-82E2-4072D9BBA533}"
EndProject
Global
	GlobalSection(SolutionConfigurationPlatforms) = preSolution
		Debug - Core|Any CPU = Debug - Core|Any CPU
		Debug|Any CPU = Debug|Any CPU
		Release - Core|Any CPU = Release - Core|Any CPU
		Release|Any CPU = Release|Any CPU
	EndGlobalSection
	GlobalSection(ProjectConfigurationPlatforms) = postSolution
		{86D10A34-C374-4DE4-8E12-490E5E65DDFF}.Debug - Core|Any CPU.ActiveCfg = Debug - Core|Any CPU
		{86D10A34-C374-4DE4-8E12-490E5E65DDFF}.Debug - Core|Any CPU.Build.0 = Debug - Core|Any CPU
		{86D10A34-C374-4DE4-8E12-490E5E65DDFF}.Debug|Any CPU.ActiveCfg = Debug|Any CPU
		{86D10A34-C374-4DE4-8E12-490E5E65DDFF}.Debug|Any CPU.Build.0 = Debug|Any CPU
		{86D10A34-C374-4DE4-8E12-490E5E65DDFF}.Release - Core|Any CPU.ActiveCfg = Release - Core|Any CPU
		{86D10A34-C374-4DE4-8E12-490E5E65DDFF}.Release - Core|Any CPU.Build.0 = Release - Core|Any CPU
		{86D10A34-C374-4DE4-8E12-490E5E65DDFF}.Release|Any CPU.ActiveCfg = Release|Any CPU
		{86D10A34-C374-4DE4-8E12-490E5E65DDFF}.Release|Any CPU.Build.0 = Release|Any CPU
		{2F43992E-5703-4420-AD0B-17CB7D89C956}.Debug - Core|Any CPU.ActiveCfg = Debug - Core|Any CPU
		{2F43992E-5703-4420-AD0B-17CB7D89C956}.Debug - Core|Any CPU.Build.0 = Debug - Core|Any CPU
		{2F43992E-5703-4420-AD0B-17CB7D89C956}.Debug|Any CPU.ActiveCfg = Debug|Any CPU
		{2F43992E-5703-4420-AD0B-17CB7D89C956}.Debug|Any CPU.Build.0 = Debug|Any CPU
		{2F43992E-5703-4420-AD0B-17CB7D89C956}.Release - Core|Any CPU.ActiveCfg = Release - Core|Any CPU
		{2F43992E-5703-4420-AD0B-17CB7D89C956}.Release - Core|Any CPU.Build.0 = Release - Core|Any CPU
		{2F43992E-5703-4420-AD0B-17CB7D89C956}.Release|Any CPU.ActiveCfg = Release|Any CPU
		{2F43992E-5703-4420-AD0B-17CB7D89C956}.Release|Any CPU.Build.0 = Release|Any CPU
		{CA387754-4C5A-4682-82E2-4072D9BBA533}.Debug - Core|Any CPU.ActiveCfg = Debug|Any CPU
		{CA387754-4C5A-4682-82E2-4072D9BBA533}.Debug - Core|Any CPU.Build.0 = Debug|Any CPU
		{CA387754-4C5A-4682-82E2-4072D9BBA533}.Debug|Any CPU.ActiveCfg = Debug|Any CPU
		{CA387754-4C5A-4682-82E2-4072D9BBA533}.Debug|Any CPU.Build.0 = Debug|Any CPU
		{CA387754-4C5A-4682-82E2-4072D9BBA533}.Release - Core|Any CPU.ActiveCfg = Release|Any CPU
		{CA387754-4C5A-4682-82E2-4072D9BBA533}.Release - Core|Any CPU.Build.0 = Release|Any CPU
		{CA387754-4C5A-4682-82E2-4072D9BBA533}.Release|Any CPU.ActiveCfg = Release|Any CPU
		{CA387754-4C5A-4682-82E2-4072D9BBA533}.Release|Any CPU.Build.0 = Release|Any CPU
	EndGlobalSection
	GlobalSection(SolutionProperties) = preSolution
		HideSolutionNode = FALSE
	EndGlobalSection
	GlobalSection(ExtensibilityGlobals) = postSolution
		SolutionGuid = {F44346A7-45E9-4A37-97BA-894E1D80B970}
	EndGlobalSection
EndGlobal
